
Microsoft Visual Studio Solution File, Format Version 12.00
# Visual Studio Version 16
VisualStudioVersion = 16.0.32510.428
MinimumVisualStudioVersion = 10.0.40219.1
Project("{F184B08F-C81C-45F6-A57F-5ABD9991F28F}") = "SistemaGestion", "SistemaGestion.vbproj", "{1858BAF6-FE5B-440E-BAD0-C37764A9EEBD}"
EndProject
Global
	GlobalSection(SolutionConfigurationPlatforms) = preSolution
		Debug|Any CPU = Debug|Any CPU
		Release|Any CPU = Release|Any CPU
	EndGlobalSection
	GlobalSection(ProjectConfigurationPlatforms) = postSolution
		{1858BAF6-FE5B-440E-BAD0-C37764A9EEBD}.Debug|Any CPU.ActiveCfg = Debug|Any CPU
		{1858BAF6-FE5B-440E-BAD0-C37764A9EEBD}.Debug|Any CPU.Build.0 = Debug|Any CPU
		{1858BAF6-FE5B-440E-BAD0-C37764A9EEBD}.Release|Any CPU.ActiveCfg = Release|Any CPU
		{1858BAF6-FE5B-440E-BAD0-C37764A9EEBD}.Release|Any CPU.Build.0 = Release|Any CPU
	EndGlobalSection
	GlobalSection(SolutionProperties) = preSolution
		HideSolutionNode = FALSE
	EndGlobalSection
	GlobalSection(ExtensibilityGlobals) = postSolution
		SolutionGuid = {1BE9C898-E0CE-409B-AC27-E960283169E8}
	EndGlobalSection
EndGlobal
