
Microsoft Visual Studio Solution File, Format Version 12.00
# Visual Studio Version 16
VisualStudioVersion = 16.0.32510.428
MinimumVisualStudioVersion = 10.0.40219.1
Project("{F184B08F-C81C-45F6-A57F-5ABD9991F28F}") = "SistemaGestion1", "SistemaGestion1.vbproj", "{2808E17A-12BB-4650-80DA-A129C006943E}"
EndProject
Global
	GlobalSection(SolutionConfigurationPlatforms) = preSolution
		Debug|Any CPU = Debug|Any CPU
		Release|Any CPU = Release|Any CPU
	EndGlobalSection
	GlobalSection(ProjectConfigurationPlatforms) = postSolution
		{2808E17A-12BB-4650-80DA-A129C006943E}.Debug|Any CPU.ActiveCfg = Debug|Any CPU
		{2808E17A-12BB-4650-80DA-A129C006943E}.Debug|Any CPU.Build.0 = Debug|Any CPU
		{2808E17A-12BB-4650-80DA-A129C006943E}.Release|Any CPU.ActiveCfg = Release|Any CPU
		{2808E17A-12BB-4650-80DA-A129C006943E}.Release|Any CPU.Build.0 = Release|Any CPU
	EndGlobalSection
	GlobalSection(SolutionProperties) = preSolution
		HideSolutionNode = FALSE
	EndGlobalSection
	GlobalSection(ExtensibilityGlobals) = postSolution
		SolutionGuid = {012F6011-16C7-4962-B078-06A4A919A250}
	EndGlobalSection
EndGlobal
